
Microsoft Visual Studio Solution File, Format Version 12.00
# Visual Studio Version 17
VisualStudioVersion = 17.14.36915.13
MinimumVisualStudioVersion = 10.0.40219.1
Project("{FAE04EC0-301F-11D3-BF4B-00C04F79EFBC}") = "GymManagement.PL", "GymManagement\GymManagement.PL.csproj", "{11BD661F-165D-4AD2-B3CB-E6CBFEAB3129}"
EndProject
Project("{FAE04EC0-301F-11D3-BF4B-00C04F79EFBC}") = "GymManagement.DAL", "GymManagement.DAL\GymManagement.DAL.csproj", "{3184EA41-1202-4FF3-8EB7-63A548A10AEF}"
EndProject
Project("{FAE04EC0-301F-11D3-BF4B-00C04F79EFBC}") = "GymManagement.BLL", "GymManagement.BLL\GymManagement.BLL.csproj", "{FE97C8F5-607D-4E86-97DE-B241ACB53943}"
EndProject
Global
	GlobalSection(SolutionConfigurationPlatforms) = preSolution
		Debug|Any CPU = Debug|Any CPU
		Release|Any CPU = Release|Any CPU
	EndGlobalSection
	GlobalSection(ProjectConfigurationPlatforms) = postSolution
		{11BD661F-165D-4AD2-B3CB-E6CBFEAB3129}.Debug|Any CPU.ActiveCfg = Debug|Any CPU
		{11BD661F-165D-4AD2-B3CB-E6CBFEAB3129}.Debug|Any CPU.Build.0 = Debug|Any CPU
		{11BD661F-165D-4AD2-B3CB-E6CBFEAB3129}.Release|Any CPU.ActiveCfg = Release|Any CPU
		{11BD661F-165D-4AD2-B3CB-E6CBFEAB3129}.Release|Any CPU.Build.0 = Release|Any CPU
		{3184EA41-1202-4FF3-8EB7-63A548A10AEF}.Debug|Any CPU.ActiveCfg = Debug|Any CPU
		{3184EA41-1202-4FF3-8EB7-63A548A10AEF}.Debug|Any CPU.Build.0 = Debug|Any CPU
		{3184EA41-1202-4FF3-8EB7-63A548A10AEF}.Release|Any CPU.ActiveCfg = Release|Any CPU
		{3184EA41-1202-4FF3-8EB7-63A548A10AEF}.Release|Any CPU.Build.0 = Release|Any CPU
		{FE97C8F5-607D-4E86-97DE-B241ACB53943}.Debug|Any CPU.ActiveCfg = Debug|Any CPU
		{FE97C8F5-607D-4E86-97DE-B241ACB53943}.Debug|Any CPU.Build.0 = Debug|Any CPU
		{FE97C8F5-607D-4E86-97DE-B241ACB53943}.Release|Any CPU.ActiveCfg = Release|Any CPU
		{FE97C8F5-607D-4E86-97DE-B241ACB53943}.Release|Any CPU.Build.0 = Release|Any CPU
	EndGlobalSection
	GlobalSection(SolutionProperties) = preSolution
		HideSolutionNode = FALSE
	EndGlobalSection
	GlobalSection(ExtensibilityGlobals) = postSolution
		SolutionGuid = {FB441C26-0708-46BD-AFD4-7C19918DF0DC}
	EndGlobalSection
EndGlobal
